
Microsoft Visual Studio Solution File, Format Version 12.00
# Visual Studio 14
VisualStudioVersion = 14.0.24720.0
MinimumVisualStudioVersion = 10.0.40219.1
Project("{F2A71F9B-5D33-465A-A702-920D77279786}") = "Server", "Server\Server.fsproj", "{2DCD59B0-9A2E-41EE-AC9A-E10887484695}"
EndProject
Project("{FAE04EC0-301F-11D3-BF4B-00C04F79EFBC}") = "ThriftGenerated", "ThriftGenerated\ThriftGenerated.csproj", "{45D16979-0FF1-43A0-9E80-F7EFEAB9BD79}"
EndProject
Global
	GlobalSection(SolutionConfigurationPlatforms) = preSolution
		Debug|Any CPU = Debug|Any CPU
		Release|Any CPU = Release|Any CPU
	EndGlobalSection
	GlobalSection(ProjectConfigurationPlatforms) = postSolution
		{2DCD59B0-9A2E-41EE-AC9A-E10887484695}.Debug|Any CPU.ActiveCfg = Debug|Any CPU
		{2DCD59B0-9A2E-41EE-AC9A-E10887484695}.Debug|Any CPU.Build.0 = Debug|Any CPU
		{2DCD59B0-9A2E-41EE-AC9A-E10887484695}.Release|Any CPU.ActiveCfg = Release|Any CPU
		{2DCD59B0-9A2E-41EE-AC9A-E10887484695}.Release|Any CPU.Build.0 = Release|Any CPU
		{45D16979-0FF1-43A0-9E80-F7EFEAB9BD79}.Debug|Any CPU.ActiveCfg = Debug|Any CPU
		{45D16979-0FF1-43A0-9E80-F7EFEAB9BD79}.Debug|Any CPU.Build.0 = Debug|Any CPU
		{45D16979-0FF1-43A0-9E80-F7EFEAB9BD79}.Release|Any CPU.ActiveCfg = Release|Any CPU
		{45D16979-0FF1-43A0-9E80-F7EFEAB9BD79}.Release|Any CPU.Build.0 = Release|Any CPU
	EndGlobalSection
	GlobalSection(SolutionProperties) = preSolution
		HideSolutionNode = FALSE
	EndGlobalSection
EndGlobal
